
Microsoft Visual Studio Solution File, Format Version 12.00
# Visual Studio 15
Project("{FAE04EC0-301F-11D3-BF4B-00C04F79EFBC}") = "Game AI Lil Red Ridin Hood", "Assembly-CSharp.csproj", "{57E4E854-1C22-537B-FD8A-3680309D5A47}"
EndProject
Global
	GlobalSection(SolutionConfigurationPlatforms) = preSolution
		Debug|Any CPU = Debug|Any CPU
		Release|Any CPU = Release|Any CPU
	EndGlobalSection
	GlobalSection(ProjectConfigurationPlatforms) = postSolution
		{57E4E854-1C22-537B-FD8A-3680309D5A47}.Debug|Any CPU.ActiveCfg = Debug|Any CPU
		{57E4E854-1C22-537B-FD8A-3680309D5A47}.Debug|Any CPU.Build.0 = Debug|Any CPU
		{57E4E854-1C22-537B-FD8A-3680309D5A47}.Release|Any CPU.ActiveCfg = Release|Any CPU
		{57E4E854-1C22-537B-FD8A-3680309D5A47}.Release|Any CPU.Build.0 = Release|Any CPU
	EndGlobalSection
	GlobalSection(SolutionProperties) = preSolution
		HideSolutionNode = FALSE
	EndGlobalSection
EndGlobal
